
Microsoft Visual Studio Solution File, Format Version 12.00
# Visual Studio Version 16
VisualStudioVersion = 16.0.29009.5
MinimumVisualStudioVersion = 10.0.40219.1
Project("{2150E333-8FDC-42A3-9474-1A3956D46DE8}") = "tests", "tests", "{2FC4D8B9-1924-496E-A728-0FE57826FAE6}"
EndProject
Project("{9A19103F-16F7-4668-BE54-9A1E7A4F7556}") = "Ordering.Domain", "src\Ordering.Domain\Ordering.Domain.csproj", "{4E05FBED-EFD0-4CB2-8C0C-B294D036ACA0}"
EndProject
Project("{9A19103F-16F7-4668-BE54-9A1E7A4F7556}") = "Ordering.Infrastructure", "src\Ordering.Infrastructure\Ordering.Infrastructure.csproj", "{4298B853-8E8F-4AE9-80A2-50175DA0B5E4}"
EndProject
Project("{9A19103F-16F7-4668-BE54-9A1E7A4F7556}") = "Ordering.App", "src\Ordering.App\Ordering.App.csproj", "{C615D7D1-AE32-4560-9514-BCC19E964E5E}"
EndProject
Project("{00D1A9C2-B5F0-4AF3-8072-F6C62B433612}") = "Ordering.DB", "src\Ordering.DB\Ordering.DB.sqlproj", "{824E7506-239D-4012-B5D1-2257DBEACF38}"
EndProject
Project("{9A19103F-16F7-4668-BE54-9A1E7A4F7556}") = "Ordering.Domain.Tests", "tests\Ordering.Domain.Tests\Ordering.Domain.Tests.csproj", "{E1623F76-294B-43D7-BFF9-BA00CF0EDEA6}"
EndProject
Project("{9A19103F-16F7-4668-BE54-9A1E7A4F7556}") = "Ordering.App.Tests", "tests\Ordering.App.Tests\Ordering.App.Tests.csproj", "{D1325E49-691E-4A34-BDE1-6B9960F8507F}"
EndProject
Project("{2150E333-8FDC-42A3-9474-1A3956D46DE8}") = "scripts", "scripts", "{580A43B8-DD96-4EE5-BB0E-398CB7D5FA8C}"
	ProjectSection(SolutionItems) = preProject
		scripts\build.ps1 = scripts\build.ps1
		scripts\test.ps1 = scripts\test.ps1
	EndProjectSection
EndProject
Project("{2150E333-8FDC-42A3-9474-1A3956D46DE8}") = "Solution Items", "Solution Items", "{9370514E-D7A6-48E4-8427-2FF7C090BE52}"
	ProjectSection(SolutionItems) = preProject
		README.md = README.md
	EndProjectSection
EndProject
Global
	GlobalSection(SolutionConfigurationPlatforms) = preSolution
		Debug|Any CPU = Debug|Any CPU
		Release|Any CPU = Release|Any CPU
	EndGlobalSection
	GlobalSection(ProjectConfigurationPlatforms) = postSolution
		{4E05FBED-EFD0-4CB2-8C0C-B294D036ACA0}.Debug|Any CPU.ActiveCfg = Debug|Any CPU
		{4E05FBED-EFD0-4CB2-8C0C-B294D036ACA0}.Debug|Any CPU.Build.0 = Debug|Any CPU
		{4E05FBED-EFD0-4CB2-8C0C-B294D036ACA0}.Release|Any CPU.ActiveCfg = Release|Any CPU
		{4E05FBED-EFD0-4CB2-8C0C-B294D036ACA0}.Release|Any CPU.Build.0 = Release|Any CPU
		{4298B853-8E8F-4AE9-80A2-50175DA0B5E4}.Debug|Any CPU.ActiveCfg = Debug|Any CPU
		{4298B853-8E8F-4AE9-80A2-50175DA0B5E4}.Debug|Any CPU.Build.0 = Debug|Any CPU
		{4298B853-8E8F-4AE9-80A2-50175DA0B5E4}.Release|Any CPU.ActiveCfg = Release|Any CPU
		{4298B853-8E8F-4AE9-80A2-50175DA0B5E4}.Release|Any CPU.Build.0 = Release|Any CPU
		{C615D7D1-AE32-4560-9514-BCC19E964E5E}.Debug|Any CPU.ActiveCfg = Debug|Any CPU
		{C615D7D1-AE32-4560-9514-BCC19E964E5E}.Debug|Any CPU.Build.0 = Debug|Any CPU
		{C615D7D1-AE32-4560-9514-BCC19E964E5E}.Release|Any CPU.ActiveCfg = Release|Any CPU
		{C615D7D1-AE32-4560-9514-BCC19E964E5E}.Release|Any CPU.Build.0 = Release|Any CPU
		{824E7506-239D-4012-B5D1-2257DBEACF38}.Debug|Any CPU.ActiveCfg = Debug|Any CPU
		{824E7506-239D-4012-B5D1-2257DBEACF38}.Debug|Any CPU.Build.0 = Debug|Any CPU
		{824E7506-239D-4012-B5D1-2257DBEACF38}.Debug|Any CPU.Deploy.0 = Debug|Any CPU
		{824E7506-239D-4012-B5D1-2257DBEACF38}.Release|Any CPU.ActiveCfg = Release|Any CPU
		{824E7506-239D-4012-B5D1-2257DBEACF38}.Release|Any CPU.Build.0 = Release|Any CPU
		{824E7506-239D-4012-B5D1-2257DBEACF38}.Release|Any CPU.Deploy.0 = Release|Any CPU
		{E1623F76-294B-43D7-BFF9-BA00CF0EDEA6}.Debug|Any CPU.ActiveCfg = Debug|Any CPU
		{E1623F76-294B-43D7-BFF9-BA00CF0EDEA6}.Debug|Any CPU.Build.0 = Debug|Any CPU
		{E1623F76-294B-43D7-BFF9-BA00CF0EDEA6}.Release|Any CPU.ActiveCfg = Release|Any CPU
		{E1623F76-294B-43D7-BFF9-BA00CF0EDEA6}.Release|Any CPU.Build.0 = Release|Any CPU
		{D1325E49-691E-4A34-BDE1-6B9960F8507F}.Debug|Any CPU.ActiveCfg = Debug|Any CPU
		{D1325E49-691E-4A34-BDE1-6B9960F8507F}.Debug|Any CPU.Build.0 = Debug|Any CPU
		{D1325E49-691E-4A34-BDE1-6B9960F8507F}.Release|Any CPU.ActiveCfg = Release|Any CPU
		{D1325E49-691E-4A34-BDE1-6B9960F8507F}.Release|Any CPU.Build.0 = Release|Any CPU
	EndGlobalSection
	GlobalSection(SolutionProperties) = preSolution
		HideSolutionNode = FALSE
	EndGlobalSection
	GlobalSection(NestedProjects) = preSolution
		{E1623F76-294B-43D7-BFF9-BA00CF0EDEA6} = {2FC4D8B9-1924-496E-A728-0FE57826FAE6}
		{D1325E49-691E-4A34-BDE1-6B9960F8507F} = {2FC4D8B9-1924-496E-A728-0FE57826FAE6}
	EndGlobalSection
	GlobalSection(ExtensibilityGlobals) = postSolution
		SolutionGuid = {D4C6D831-8A40-4EDE-9058-A1FB7C215B36}
	EndGlobalSection
EndGlobal
